
Microsoft Visual Studio Solution File, Format Version 12.00
# Visual Studio 2012
Project("{8BC9CEB8-8B4A-11D0-8D11-00A0C91BC942}") = "choco_2", "choco_2\choco_2.vcxproj", "{C1FB80DE-6402-4DB8-A32C-11CA7B362C83}"
EndProject
Global
	GlobalSection(SolutionConfigurationPlatforms) = preSolution
		Debug|Win32 = Debug|Win32
		Release|Win32 = Release|Win32
	EndGlobalSection
	GlobalSection(ProjectConfigurationPlatforms) = postSolution
		{C1FB80DE-6402-4DB8-A32C-11CA7B362C83}.Debug|Win32.ActiveCfg = Debug|Win32
		{C1FB80DE-6402-4DB8-A32C-11CA7B362C83}.Debug|Win32.Build.0 = Debug|Win32
		{C1FB80DE-6402-4DB8-A32C-11CA7B362C83}.Release|Win32.ActiveCfg = Release|Win32
		{C1FB80DE-6402-4DB8-A32C-11CA7B362C83}.Release|Win32.Build.0 = Release|Win32
	EndGlobalSection
	GlobalSection(SolutionProperties) = preSolution
		HideSolutionNode = FALSE
	EndGlobalSection
EndGlobal
